PODS:
  - Alamofire (4.9.1)
  - FontAwesome.swift (1.8.3)

DEPENDENCIES:
  - Alamofire (~> 4.0)
  - FontAwesome.swift

SPEC REPOS:
  trunk:
    - Alamofire
    - FontAwesome.swift

SPEC CHECKSUMS:
  Alamofire: 85e8a02c69d6020a0d734f6054870d7ecb75cf18
  FontAwesome.swift: 2a3235131a6caffc6b2ccba318e94d793b2fd342

PODFILE CHECKSUM: 34c6f4861e7b9c6e630f922a7a9e5e77dfb7cb7d

COCOAPODS: 1.8.4
